
Microsoft Visual Studio Solution File, Format Version 12.00
# Visual Studio Version 17
VisualStudioVersion = 17.4.33213.308
MinimumVisualStudioVersion = 10.0.40219.1
Project("{9A19103F-16F7-4668-BE54-9A1E7A4F7556}") = "WPFControls", "WPFControls\WPFControls.csproj", "{7AD62072-1BA6-4552-AE85-6E5F8B1A6E7E}"
EndProject
Project("{9A19103F-16F7-4668-BE54-9A1E7A4F7556}") = "MenuBar", "MenuBar\MenuBar.csproj", "{E1B41B7E-B011-4470-B87C-995C6239DD1E}"
EndProject
Project("{9A19103F-16F7-4668-BE54-9A1E7A4F7556}") = "DarkMode", "DarkMode\DarkMode.csproj", "{7B697E1D-8EB4-4177-BB25-BE99D982671C}"
EndProject
Project("{9A19103F-16F7-4668-BE54-9A1E7A4F7556}") = "TitleBar", "TitleBar\TitleBar.csproj", "{594043EB-2480-4D76-B8B8-8824232C3D37}"
EndProject
Project("{9A19103F-16F7-4668-BE54-9A1E7A4F7556}") = "FloatWindow", "FloatWindow\FloatWindow.csproj", "{2FD0CF9C-E35C-48A2-8D61-7B21FA415522}"
EndProject
Project("{9A19103F-16F7-4668-BE54-9A1E7A4F7556}") = "TreePlus", "TreeViewPlus\TreePlus.csproj", "{9F0C8C35-26D5-41DA-9F5F-96D7CCF4FDAA}"
EndProject
Project("{9A19103F-16F7-4668-BE54-9A1E7A4F7556}") = "StateChange", "StateChange\StateChange.csproj", "{F5CFA82B-38A1-4546-8E6E-A6287C2180D9}"
EndProject
Project("{9A19103F-16F7-4668-BE54-9A1E7A4F7556}") = "TrayApp", "TrayApp\TrayApp.csproj", "{D9F6B123-4D21-49AF-B826-DC0EB627167A}"
EndProject
Project("{9A19103F-16F7-4668-BE54-9A1E7A4F7556}") = "NumberBoxPlus", "TextBoxPlus\NumberBoxPlus.csproj", "{7114B0F8-CD14-415A-9B69-8C52B24367E1}"
EndProject
Project("{9A19103F-16F7-4668-BE54-9A1E7A4F7556}") = "FadeInFadeOut", "FadeInFadeOut\FadeInFadeOut.csproj", "{87CC1643-9BEB-4AF9-8395-B5971FB120F0}"
EndProject
Project("{9A19103F-16F7-4668-BE54-9A1E7A4F7556}") = "ColorPicker", "ColorPicker\ColorPicker.csproj", "{F5458AB3-3781-478D-89F5-1FF0ECCA4857}"
EndProject
Project("{9A19103F-16F7-4668-BE54-9A1E7A4F7556}") = "Slider", "Slider\Slider.csproj", "{9DF229EB-5CFB-49BC-A44C-8410081BF4E1}"
EndProject
Project("{9A19103F-16F7-4668-BE54-9A1E7A4F7556}") = "TabControl", "TabControl\TabControl.csproj", "{C6D27B18-3B72-4751-AC2E-ABFE196F79AD}"
EndProject
Project("{2150E333-8FDC-42A3-9474-1A3956D46DE8}") = "Mef", "Mef", "{C53AEA29-A68B-41B9-AB41-35A2EB19E794}"
EndProject
Project("{9A19103F-16F7-4668-BE54-9A1E7A4F7556}") = "MefExample.Main", "MefExample.Main\MefExample.Main.csproj", "{74F30C78-DC69-4F15-9C17-9EE605EE27C8}"
EndProject
Project("{9A19103F-16F7-4668-BE54-9A1E7A4F7556}") = "MefExample.PluginOne", "MefExample.PluginOne\MefExample.PluginOne.csproj", "{0D1BA650-F20A-4415-B50E-EA01EF82BBE3}"
EndProject
Project("{9A19103F-16F7-4668-BE54-9A1E7A4F7556}") = "MefExample.PluginTwo", "MefExample.PluginTwo\MefExample.PluginTwo.csproj", "{7A9D3F0B-69AE-4322-ACD6-ADD985294DC9}"
EndProject
Project("{9A19103F-16F7-4668-BE54-9A1E7A4F7556}") = "MefExample.Core", "MefExample.Core\MefExample.Core.csproj", "{8FC9C76E-3D93-47FD-AF3E-552624B28CF3}"
EndProject
Project("{9A19103F-16F7-4668-BE54-9A1E7A4F7556}") = "PasswordBoxPlus", "PasswordBox\PasswordBoxPlus.csproj", "{9310C4E3-9163-4E15-BC6E-327E3DEB0A4F}"
EndProject
Project("{9A19103F-16F7-4668-BE54-9A1E7A4F7556}") = "ButtonPlus", "ButtonPlus\ButtonPlus.csproj", "{55454C18-2CA3-4B39-99BC-037A69F1C3A4}"
EndProject
Project("{9A19103F-16F7-4668-BE54-9A1E7A4F7556}") = "Settings.Demo", "Settings.Demo\Settings.Demo.csproj", "{C5AD97D2-093C-4645-A746-2519C5FFF865}"
EndProject
Project("{9A19103F-16F7-4668-BE54-9A1E7A4F7556}") = "Shortcut", "Shortcut\Shortcut.csproj", "{8CF5374D-F83F-4EEC-ABE3-CDA301C382BA}"
EndProject
Project("{9A19103F-16F7-4668-BE54-9A1E7A4F7556}") = "RadioButtonPlus", "RadioButtonPlus\RadioButtonPlus.csproj", "{75D24B0A-B685-41A5-AEF9-E598D4B5221D}"
EndProject
Project("{9A19103F-16F7-4668-BE54-9A1E7A4F7556}") = "HelperTools", "HelperTools\HelperTools.csproj", "{9DA7A1D4-E01D-495F-8C21-0BE82219C93D}"
EndProject
Project("{2150E333-8FDC-42A3-9474-1A3956D46DE8}") = "List", "List", "{FFCDDDF4-2660-4FFA-B398-9825C32AAA9A}"
EndProject
Project("{9A19103F-16F7-4668-BE54-9A1E7A4F7556}") = "WrapListBox", "WrapListBox\WrapListBox.csproj", "{27AD79B9-A3FD-4895-A8DC-5AE7BF67CBD8}"
EndProject
Project("{9A19103F-16F7-4668-BE54-9A1E7A4F7556}") = "LoadingControl", "LoadingControl\LoadingControl.csproj", "{F2831FF4-EDF0-4D31-8AA3-5001726EBB69}"
EndProject
Project("{2150E333-8FDC-42A3-9474-1A3956D46DE8}") = "Dragablz", "Dragablz", "{B2FC1A30-4260-4874-8539-B9BFD7A4FFFC}"
EndProject
Project("{9A19103F-16F7-4668-BE54-9A1E7A4F7556}") = "TabControls", "TabControls\TabControls.csproj", "{E2255BE0-4ECF-4D59-BDF5-C06EBFD63573}"
EndProject
Project("{9A19103F-16F7-4668-BE54-9A1E7A4F7556}") = "MultiPageWrapListBox", "MultiPageWrapListBox\MultiPageWrapListBox.csproj", "{2270FCAE-C93A-4E3E-A1E8-F25F50FFB2BF}"
EndProject
Project("{9A19103F-16F7-4668-BE54-9A1E7A4F7556}") = "DragWrapListBox", "DragWrapListBox\DragWrapListBox.csproj", "{03E6AC69-21DA-4162-9A52-15FD584DA838}"
EndProject
Project("{9A19103F-16F7-4668-BE54-9A1E7A4F7556}") = "SortableListView", "SortableListView\SortableListView.csproj", "{63543569-19C8-45A7-8165-A35525810234}"
EndProject
Project("{9A19103F-16F7-4668-BE54-9A1E7A4F7556}") = "SettingsListView", "SettingsListView\SettingsListView.csproj", "{E876E5F3-DC5F-446D-97A0-1C201246041E}"
EndProject
Project("{9A19103F-16F7-4668-BE54-9A1E7A4F7556}") = "ListSettings", "ListSettings\ListSettings.csproj", "{BCD4F4FE-65E4-4F87-8BB5-425FE4387778}"
EndProject
Project("{2150E333-8FDC-42A3-9474-1A3956D46DE8}") = "RountedEvent", "RountedEvent", "{6DB7999D-5CFF-4DA9-9B17-6A7795C7FE66}"
EndProject
Project("{9A19103F-16F7-4668-BE54-9A1E7A4F7556}") = "RountedEventExample", "RountedEventExample\RountedEventExample.csproj", "{B36722C6-AFFA-407B-B550-FC5E6BF369ED}"
EndProject
Project("{2150E333-8FDC-42A3-9474-1A3956D46DE8}") = "ImageProcessor", "ImageProcessor", "{2B19F1B9-77F4-4C89-AC3E-0B68B9D58548}"
EndProject
Project("{9A19103F-16F7-4668-BE54-9A1E7A4F7556}") = "ImageDisplayer", "ImageDisplayer\ImageDisplayer.csproj", "{F49AB2DA-FBE5-400C-8FDC-E7C454FA9CDA}"
EndProject
Project("{9A19103F-16F7-4668-BE54-9A1E7A4F7556}") = "ToggleButtonPlus", "ToggleButtonPlus\ToggleButtonPlus.csproj", "{60B3ED46-A91E-4C9B-BC90-04C74783786D}"
EndProject
Project("{9A19103F-16F7-4668-BE54-9A1E7A4F7556}") = "ComboBoxPlus", "ComboBoxPlus\ComboBoxPlus.csproj", "{8F293AF1-336D-4085-8B95-220083AF2EFE}"
EndProject
Project("{9A19103F-16F7-4668-BE54-9A1E7A4F7556}") = "GlobalLanguage", "GlobalLanguage\GlobalLanguage.csproj", "{7EDC4F40-D223-48E0-87A9-DA0AA728DF6D}"
EndProject
Project("{FAE04EC0-301F-11D3-BF4B-00C04F79EFBC}") = "SerializationReplyListBox", "SerializationReplyListBox\SerializationReplyListBox.csproj", "{7946EB46-8AF2-4599-8086-65B1DF1A7E62}"
EndProject
Global
	GlobalSection(SolutionConfigurationPlatforms) = preSolution
		Debug|Any CPU = Debug|Any CPU
		Release|Any CPU = Release|Any CPU
	EndGlobalSection
	GlobalSection(ProjectConfigurationPlatforms) = postSolution
		{7AD62072-1BA6-4552-AE85-6E5F8B1A6E7E}.Debug|Any CPU.ActiveCfg = Debug|Any CPU
		{7AD62072-1BA6-4552-AE85-6E5F8B1A6E7E}.Debug|Any CPU.Build.0 = Debug|Any CPU
		{7AD62072-1BA6-4552-AE85-6E5F8B1A6E7E}.Release|Any CPU.ActiveCfg = Release|Any CPU
		{7AD62072-1BA6-4552-AE85-6E5F8B1A6E7E}.Release|Any CPU.Build.0 = Release|Any CPU
		{E1B41B7E-B011-4470-B87C-995C6239DD1E}.Debug|Any CPU.ActiveCfg = Debug|Any CPU
		{E1B41B7E-B011-4470-B87C-995C6239DD1E}.Debug|Any CPU.Build.0 = Debug|Any CPU
		{E1B41B7E-B011-4470-B87C-995C6239DD1E}.Release|Any CPU.ActiveCfg = Release|Any CPU
		{E1B41B7E-B011-4470-B87C-995C6239DD1E}.Release|Any CPU.Build.0 = Release|Any CPU
		{7B697E1D-8EB4-4177-BB25-BE99D982671C}.Debug|Any CPU.ActiveCfg = Debug|Any CPU
		{7B697E1D-8EB4-4177-BB25-BE99D982671C}.Debug|Any CPU.Build.0 = Debug|Any CPU
		{7B697E1D-8EB4-4177-BB25-BE99D982671C}.Release|Any CPU.ActiveCfg = Release|Any CPU
		{7B697E1D-8EB4-4177-BB25-BE99D982671C}.Release|Any CPU.Build.0 = Release|Any CPU
		{594043EB-2480-4D76-B8B8-8824232C3D37}.Debug|Any CPU.ActiveCfg = Debug|Any CPU
		{594043EB-2480-4D76-B8B8-8824232C3D37}.Debug|Any CPU.Build.0 = Debug|Any CPU
		{594043EB-2480-4D76-B8B8-8824232C3D37}.Release|Any CPU.ActiveCfg = Release|Any CPU
		{594043EB-2480-4D76-B8B8-8824232C3D37}.Release|Any CPU.Build.0 = Release|Any CPU
		{2FD0CF9C-E35C-48A2-8D61-7B21FA415522}.Debug|Any CPU.ActiveCfg = Debug|Any CPU
		{2FD0CF9C-E35C-48A2-8D61-7B21FA415522}.Debug|Any CPU.Build.0 = Debug|Any CPU
		{2FD0CF9C-E35C-48A2-8D61-7B21FA415522}.Release|Any CPU.ActiveCfg = Release|Any CPU
		{2FD0CF9C-E35C-48A2-8D61-7B21FA415522}.Release|Any CPU.Build.0 = Release|Any CPU
		{9F0C8C35-26D5-41DA-9F5F-96D7CCF4FDAA}.Debug|Any CPU.ActiveCfg = Debug|Any CPU
		{9F0C8C35-26D5-41DA-9F5F-96D7CCF4FDAA}.Debug|Any CPU.Build.0 = Debug|Any CPU
		{9F0C8C35-26D5-41DA-9F5F-96D7CCF4FDAA}.Release|Any CPU.ActiveCfg = Release|Any CPU
		{9F0C8C35-26D5-41DA-9F5F-96D7CCF4FDAA}.Release|Any CPU.Build.0 = Release|Any CPU
		{F5CFA82B-38A1-4546-8E6E-A6287C2180D9}.Debug|Any CPU.ActiveCfg = Debug|Any CPU
		{F5CFA82B-38A1-4546-8E6E-A6287C2180D9}.Debug|Any CPU.Build.0 = Debug|Any CPU
		{F5CFA82B-38A1-4546-8E6E-A6287C2180D9}.Release|Any CPU.ActiveCfg = Release|Any CPU
		{F5CFA82B-38A1-4546-8E6E-A6287C2180D9}.Release|Any CPU.Build.0 = Release|Any CPU
		{D9F6B123-4D21-49AF-B826-DC0EB627167A}.Debug|Any CPU.ActiveCfg = Debug|Any CPU
		{D9F6B123-4D21-49AF-B826-DC0EB627167A}.Debug|Any CPU.Build.0 = Debug|Any CPU
		{D9F6B123-4D21-49AF-B826-DC0EB627167A}.Release|Any CPU.ActiveCfg = Release|Any CPU
		{D9F6B123-4D21-49AF-B826-DC0EB627167A}.Release|Any CPU.Build.0 = Release|Any CPU
		{7114B0F8-CD14-415A-9B69-8C52B24367E1}.Debug|Any CPU.ActiveCfg = Debug|Any CPU
		{7114B0F8-CD14-415A-9B69-8C52B24367E1}.Debug|Any CPU.Build.0 = Debug|Any CPU
		{7114B0F8-CD14-415A-9B69-8C52B24367E1}.Release|Any CPU.ActiveCfg = Release|Any CPU
		{7114B0F8-CD14-415A-9B69-8C52B24367E1}.Release|Any CPU.Build.0 = Release|Any CPU
		{87CC1643-9BEB-4AF9-8395-B5971FB120F0}.Debug|Any CPU.ActiveCfg = Debug|Any CPU
		{87CC1643-9BEB-4AF9-8395-B5971FB120F0}.Debug|Any CPU.Build.0 = Debug|Any CPU
		{87CC1643-9BEB-4AF9-8395-B5971FB120F0}.Release|Any CPU.ActiveCfg = Release|Any CPU
		{87CC1643-9BEB-4AF9-8395-B5971FB120F0}.Release|Any CPU.Build.0 = Release|Any CPU
		{F5458AB3-3781-478D-89F5-1FF0ECCA4857}.Debug|Any CPU.ActiveCfg = Debug|Any CPU
		{F5458AB3-3781-478D-89F5-1FF0ECCA4857}.Debug|Any CPU.Build.0 = Debug|Any CPU
		{F5458AB3-3781-478D-89F5-1FF0ECCA4857}.Release|Any CPU.ActiveCfg = Release|Any CPU
		{F5458AB3-3781-478D-89F5-1FF0ECCA4857}.Release|Any CPU.Build.0 = Release|Any CPU
		{9DF229EB-5CFB-49BC-A44C-8410081BF4E1}.Debug|Any CPU.ActiveCfg = Debug|Any CPU
		{9DF229EB-5CFB-49BC-A44C-8410081BF4E1}.Debug|Any CPU.Build.0 = Debug|Any CPU
		{9DF229EB-5CFB-49BC-A44C-8410081BF4E1}.Release|Any CPU.ActiveCfg = Release|Any CPU
		{9DF229EB-5CFB-49BC-A44C-8410081BF4E1}.Release|Any CPU.Build.0 = Release|Any CPU
		{C6D27B18-3B72-4751-AC2E-ABFE196F79AD}.Debug|Any CPU.ActiveCfg = Debug|Any CPU
		{C6D27B18-3B72-4751-AC2E-ABFE196F79AD}.Debug|Any CPU.Build.0 = Debug|Any CPU
		{C6D27B18-3B72-4751-AC2E-ABFE196F79AD}.Release|Any CPU.ActiveCfg = Release|Any CPU
		{C6D27B18-3B72-4751-AC2E-ABFE196F79AD}.Release|Any CPU.Build.0 = Release|Any CPU
		{74F30C78-DC69-4F15-9C17-9EE605EE27C8}.Debug|Any CPU.ActiveCfg = Debug|Any CPU
		{74F30C78-DC69-4F15-9C17-9EE605EE27C8}.Debug|Any CPU.Build.0 = Debug|Any CPU
		{74F30C78-DC69-4F15-9C17-9EE605EE27C8}.Release|Any CPU.ActiveCfg = Release|Any CPU
		{74F30C78-DC69-4F15-9C17-9EE605EE27C8}.Release|Any CPU.Build.0 = Release|Any CPU
		{0D1BA650-F20A-4415-B50E-EA01EF82BBE3}.Debug|Any CPU.ActiveCfg = Debug|Any CPU
		{0D1BA650-F20A-4415-B50E-EA01EF82BBE3}.Debug|Any CPU.Build.0 = Debug|Any CPU
		{0D1BA650-F20A-4415-B50E-EA01EF82BBE3}.Release|Any CPU.ActiveCfg = Release|Any CPU
		{0D1BA650-F20A-4415-B50E-EA01EF82BBE3}.Release|Any CPU.Build.0 = Release|Any CPU
		{7A9D3F0B-69AE-4322-ACD6-ADD985294DC9}.Debug|Any CPU.ActiveCfg = Debug|Any CPU
		{7A9D3F0B-69AE-4322-ACD6-ADD985294DC9}.Debug|Any CPU.Build.0 = Debug|Any CPU
		{7A9D3F0B-69AE-4322-ACD6-ADD985294DC9}.Release|Any CPU.ActiveCfg = Release|Any CPU
		{7A9D3F0B-69AE-4322-ACD6-ADD985294DC9}.Release|Any CPU.Build.0 = Release|Any CPU
		{8FC9C76E-3D93-47FD-AF3E-552624B28CF3}.Debug|Any CPU.ActiveCfg = Debug|Any CPU
		{8FC9C76E-3D93-47FD-AF3E-552624B28CF3}.Debug|Any CPU.Build.0 = Debug|Any CPU
		{8FC9C76E-3D93-47FD-AF3E-552624B28CF3}.Release|Any CPU.ActiveCfg = Release|Any CPU
		{8FC9C76E-3D93-47FD-AF3E-552624B28CF3}.Release|Any CPU.Build.0 = Release|Any CPU
		{9310C4E3-9163-4E15-BC6E-327E3DEB0A4F}.Debug|Any CPU.ActiveCfg = Debug|Any CPU
		{9310C4E3-9163-4E15-BC6E-327E3DEB0A4F}.Debug|Any CPU.Build.0 = Debug|Any CPU
		{9310C4E3-9163-4E15-BC6E-327E3DEB0A4F}.Release|Any CPU.ActiveCfg = Release|Any CPU
		{9310C4E3-9163-4E15-BC6E-327E3DEB0A4F}.Release|Any CPU.Build.0 = Release|Any CPU
		{55454C18-2CA3-4B39-99BC-037A69F1C3A4}.Debug|Any CPU.ActiveCfg = Debug|Any CPU
		{55454C18-2CA3-4B39-99BC-037A69F1C3A4}.Debug|Any CPU.Build.0 = Debug|Any CPU
		{55454C18-2CA3-4B39-99BC-037A69F1C3A4}.Release|Any CPU.ActiveCfg = Release|Any CPU
		{55454C18-2CA3-4B39-99BC-037A69F1C3A4}.Release|Any CPU.Build.0 = Release|Any CPU
		{C5AD97D2-093C-4645-A746-2519C5FFF865}.Debug|Any CPU.ActiveCfg = Debug|Any CPU
		{C5AD97D2-093C-4645-A746-2519C5FFF865}.Debug|Any CPU.Build.0 = Debug|Any CPU
		{C5AD97D2-093C-4645-A746-2519C5FFF865}.Release|Any CPU.ActiveCfg = Release|Any CPU
		{C5AD97D2-093C-4645-A746-2519C5FFF865}.Release|Any CPU.Build.0 = Release|Any CPU
		{8CF5374D-F83F-4EEC-ABE3-CDA301C382BA}.Debug|Any CPU.ActiveCfg = Debug|Any CPU
		{8CF5374D-F83F-4EEC-ABE3-CDA301C382BA}.Debug|Any CPU.Build.0 = Debug|Any CPU
		{8CF5374D-F83F-4EEC-ABE3-CDA301C382BA}.Release|Any CPU.ActiveCfg = Release|Any CPU
		{8CF5374D-F83F-4EEC-ABE3-CDA301C382BA}.Release|Any CPU.Build.0 = Release|Any CPU
		{75D24B0A-B685-41A5-AEF9-E598D4B5221D}.Debug|Any CPU.ActiveCfg = Debug|Any CPU
		{75D24B0A-B685-41A5-AEF9-E598D4B5221D}.Debug|Any CPU.Build.0 = Debug|Any CPU
		{75D24B0A-B685-41A5-AEF9-E598D4B5221D}.Release|Any CPU.ActiveCfg = Release|Any CPU
		{75D24B0A-B685-41A5-AEF9-E598D4B5221D}.Release|Any CPU.Build.0 = Release|Any CPU
		{9DA7A1D4-E01D-495F-8C21-0BE82219C93D}.Debug|Any CPU.ActiveCfg = Debug|Any CPU
		{9DA7A1D4-E01D-495F-8C21-0BE82219C93D}.Debug|Any CPU.Build.0 = Debug|Any CPU
		{9DA7A1D4-E01D-495F-8C21-0BE82219C93D}.Release|Any CPU.ActiveCfg = Release|Any CPU
		{9DA7A1D4-E01D-495F-8C21-0BE82219C93D}.Release|Any CPU.Build.0 = Release|Any CPU
		{27AD79B9-A3FD-4895-A8DC-5AE7BF67CBD8}.Debug|Any CPU.ActiveCfg = Debug|Any CPU
		{27AD79B9-A3FD-4895-A8DC-5AE7BF67CBD8}.Debug|Any CPU.Build.0 = Debug|Any CPU
		{27AD79B9-A3FD-4895-A8DC-5AE7BF67CBD8}.Release|Any CPU.ActiveCfg = Release|Any CPU
		{27AD79B9-A3FD-4895-A8DC-5AE7BF67CBD8}.Release|Any CPU.Build.0 = Release|Any CPU
		{F2831FF4-EDF0-4D31-8AA3-5001726EBB69}.Debug|Any CPU.ActiveCfg = Debug|Any CPU
		{F2831FF4-EDF0-4D31-8AA3-5001726EBB69}.Debug|Any CPU.Build.0 = Debug|Any CPU
		{F2831FF4-EDF0-4D31-8AA3-5001726EBB69}.Release|Any CPU.ActiveCfg = Release|Any CPU
		{F2831FF4-EDF0-4D31-8AA3-5001726EBB69}.Release|Any CPU.Build.0 = Release|Any CPU
		{E2255BE0-4ECF-4D59-BDF5-C06EBFD63573}.Debug|Any CPU.ActiveCfg = Debug|Any CPU
		{E2255BE0-4ECF-4D59-BDF5-C06EBFD63573}.Debug|Any CPU.Build.0 = Debug|Any CPU
		{E2255BE0-4ECF-4D59-BDF5-C06EBFD63573}.Release|Any CPU.ActiveCfg = Release|Any CPU
		{E2255BE0-4ECF-4D59-BDF5-C06EBFD63573}.Release|Any CPU.Build.0 = Release|Any CPU
		{2270FCAE-C93A-4E3E-A1E8-F25F50FFB2BF}.Debug|Any CPU.ActiveCfg = Debug|Any CPU
		{2270FCAE-C93A-4E3E-A1E8-F25F50FFB2BF}.Debug|Any CPU.Build.0 = Debug|Any CPU
		{2270FCAE-C93A-4E3E-A1E8-F25F50FFB2BF}.Release|Any CPU.ActiveCfg = Release|Any CPU
		{2270FCAE-C93A-4E3E-A1E8-F25F50FFB2BF}.Release|Any CPU.Build.0 = Release|Any CPU
		{03E6AC69-21DA-4162-9A52-15FD584DA838}.Debug|Any CPU.ActiveCfg = Debug|Any CPU
		{03E6AC69-21DA-4162-9A52-15FD584DA838}.Debug|Any CPU.Build.0 = Debug|Any CPU
		{03E6AC69-21DA-4162-9A52-15FD584DA838}.Release|Any CPU.ActiveCfg = Release|Any CPU
		{03E6AC69-21DA-4162-9A52-15FD584DA838}.Release|Any CPU.Build.0 = Release|Any CPU
		{63543569-19C8-45A7-8165-A35525810234}.Debug|Any CPU.ActiveCfg = Debug|Any CPU
		{63543569-19C8-45A7-8165-A35525810234}.Debug|Any CPU.Build.0 = Debug|Any CPU
		{63543569-19C8-45A7-8165-A35525810234}.Release|Any CPU.ActiveCfg = Release|Any CPU
		{63543569-19C8-45A7-8165-A35525810234}.Release|Any CPU.Build.0 = Release|Any CPU
		{E876E5F3-DC5F-446D-97A0-1C201246041E}.Debug|Any CPU.ActiveCfg = Debug|Any CPU
		{E876E5F3-DC5F-446D-97A0-1C201246041E}.Debug|Any CPU.Build.0 = Debug|Any CPU
		{E876E5F3-DC5F-446D-97A0-1C201246041E}.Release|Any CPU.ActiveCfg = Release|Any CPU
		{E876E5F3-DC5F-446D-97A0-1C201246041E}.Release|Any CPU.Build.0 = Release|Any CPU
		{BCD4F4FE-65E4-4F87-8BB5-425FE4387778}.Debug|Any CPU.ActiveCfg = Debug|Any CPU
		{BCD4F4FE-65E4-4F87-8BB5-425FE4387778}.Debug|Any CPU.Build.0 = Debug|Any CPU
		{BCD4F4FE-65E4-4F87-8BB5-425FE4387778}.Release|Any CPU.ActiveCfg = Release|Any CPU
		{BCD4F4FE-65E4-4F87-8BB5-425FE4387778}.Release|Any CPU.Build.0 = Release|Any CPU
		{B36722C6-AFFA-407B-B550-FC5E6BF369ED}.Debug|Any CPU.ActiveCfg = Debug|Any CPU
		{B36722C6-AFFA-407B-B550-FC5E6BF369ED}.Debug|Any CPU.Build.0 = Debug|Any CPU
		{B36722C6-AFFA-407B-B550-FC5E6BF369ED}.Release|Any CPU.ActiveCfg = Release|Any CPU
		{B36722C6-AFFA-407B-B550-FC5E6BF369ED}.Release|Any CPU.Build.0 = Release|Any CPU
		{F49AB2DA-FBE5-400C-8FDC-E7C454FA9CDA}.Debug|Any CPU.ActiveCfg = Debug|Any CPU
		{F49AB2DA-FBE5-400C-8FDC-E7C454FA9CDA}.Debug|Any CPU.Build.0 = Debug|Any CPU
		{F49AB2DA-FBE5-400C-8FDC-E7C454FA9CDA}.Release|Any CPU.ActiveCfg = Release|Any CPU
		{F49AB2DA-FBE5-400C-8FDC-E7C454FA9CDA}.Release|Any CPU.Build.0 = Release|Any CPU
		{60B3ED46-A91E-4C9B-BC90-04C74783786D}.Debug|Any CPU.ActiveCfg = Debug|Any CPU
		{60B3ED46-A91E-4C9B-BC90-04C74783786D}.Debug|Any CPU.Build.0 = Debug|Any CPU
		{60B3ED46-A91E-4C9B-BC90-04C74783786D}.Release|Any CPU.ActiveCfg = Release|Any CPU
		{60B3ED46-A91E-4C9B-BC90-04C74783786D}.Release|Any CPU.Build.0 = Release|Any CPU
		{8F293AF1-336D-4085-8B95-220083AF2EFE}.Debug|Any CPU.ActiveCfg = Debug|Any CPU
		{8F293AF1-336D-4085-8B95-220083AF2EFE}.Debug|Any CPU.Build.0 = Debug|Any CPU
		{8F293AF1-336D-4085-8B95-220083AF2EFE}.Release|Any CPU.ActiveCfg = Release|Any CPU
		{8F293AF1-336D-4085-8B95-220083AF2EFE}.Release|Any CPU.Build.0 = Release|Any CPU
		{7EDC4F40-D223-48E0-87A9-DA0AA728DF6D}.Debug|Any CPU.ActiveCfg = Debug|Any CPU
		{7EDC4F40-D223-48E0-87A9-DA0AA728DF6D}.Debug|Any CPU.Build.0 = Debug|Any CPU
		{7EDC4F40-D223-48E0-87A9-DA0AA728DF6D}.Release|Any CPU.ActiveCfg = Release|Any CPU
		{7EDC4F40-D223-48E0-87A9-DA0AA728DF6D}.Release|Any CPU.Build.0 = Release|Any CPU
		{7946EB46-8AF2-4599-8086-65B1DF1A7E62}.Debug|Any CPU.ActiveCfg = Debug|Any CPU
		{7946EB46-8AF2-4599-8086-65B1DF1A7E62}.Debug|Any CPU.Build.0 = Debug|Any CPU
		{7946EB46-8AF2-4599-8086-65B1DF1A7E62}.Release|Any CPU.ActiveCfg = Release|Any CPU
		{7946EB46-8AF2-4599-8086-65B1DF1A7E62}.Release|Any CPU.Build.0 = Release|Any CPU
	EndGlobalSection
	GlobalSection(SolutionProperties) = preSolution
		HideSolutionNode = FALSE
	EndGlobalSection
	GlobalSection(NestedProjects) = preSolution
		{74F30C78-DC69-4F15-9C17-9EE605EE27C8} = {C53AEA29-A68B-41B9-AB41-35A2EB19E794}
		{0D1BA650-F20A-4415-B50E-EA01EF82BBE3} = {C53AEA29-A68B-41B9-AB41-35A2EB19E794}
		{7A9D3F0B-69AE-4322-ACD6-ADD985294DC9} = {C53AEA29-A68B-41B9-AB41-35A2EB19E794}
		{8FC9C76E-3D93-47FD-AF3E-552624B28CF3} = {C53AEA29-A68B-41B9-AB41-35A2EB19E794}
		{27AD79B9-A3FD-4895-A8DC-5AE7BF67CBD8} = {FFCDDDF4-2660-4FFA-B398-9825C32AAA9A}
		{E2255BE0-4ECF-4D59-BDF5-C06EBFD63573} = {B2FC1A30-4260-4874-8539-B9BFD7A4FFFC}
		{2270FCAE-C93A-4E3E-A1E8-F25F50FFB2BF} = {FFCDDDF4-2660-4FFA-B398-9825C32AAA9A}
		{03E6AC69-21DA-4162-9A52-15FD584DA838} = {FFCDDDF4-2660-4FFA-B398-9825C32AAA9A}
		{63543569-19C8-45A7-8165-A35525810234} = {FFCDDDF4-2660-4FFA-B398-9825C32AAA9A}
		{E876E5F3-DC5F-446D-97A0-1C201246041E} = {FFCDDDF4-2660-4FFA-B398-9825C32AAA9A}
		{BCD4F4FE-65E4-4F87-8BB5-425FE4387778} = {FFCDDDF4-2660-4FFA-B398-9825C32AAA9A}
		{B36722C6-AFFA-407B-B550-FC5E6BF369ED} = {6DB7999D-5CFF-4DA9-9B17-6A7795C7FE66}
		{F49AB2DA-FBE5-400C-8FDC-E7C454FA9CDA} = {2B19F1B9-77F4-4C89-AC3E-0B68B9D58548}
		{7946EB46-8AF2-4599-8086-65B1DF1A7E62} = {FFCDDDF4-2660-4FFA-B398-9825C32AAA9A}
	EndGlobalSection
	GlobalSection(ExtensibilityGlobals) = postSolution
		SolutionGuid = {A5CC28B5-3C01-4E67-B39E-52D662893178}
	EndGlobalSection
EndGlobal
