
Microsoft Visual Studio Solution File, Format Version 12.00
# Visual Studio Version 17
VisualStudioVersion = 17.4.33213.308
MinimumVisualStudioVersion = 10.0.40219.1
Project("{9A19103F-16F7-4668-BE54-9A1E7A4F7556}") = "WPFControls", "WPFControls\WPFControls.csproj", "{7AD62072-1BA6-4552-AE85-6E5F8B1A6E7E}"
EndProject
Project("{9A19103F-16F7-4668-BE54-9A1E7A4F7556}") = "MenuBar", "MenuBar\MenuBar.csproj", "{E1B41B7E-B011-4470-B87C-995C6239DD1E}"
EndProject
Project("{9A19103F-16F7-4668-BE54-9A1E7A4F7556}") = "DarkMode", "DarkMode\DarkMode.csproj", "{7B697E1D-8EB4-4177-BB25-BE99D982671C}"
EndProject
Project("{9A19103F-16F7-4668-BE54-9A1E7A4F7556}") = "TitleBar", "TitleBar\TitleBar.csproj", "{594043EB-2480-4D76-B8B8-8824232C3D37}"
EndProject
Project("{9A19103F-16F7-4668-BE54-9A1E7A4F7556}") = "FloatWindow", "FloatWindow\FloatWindow.csproj", "{2FD0CF9C-E35C-48A2-8D61-7B21FA415522}"
EndProject
Project("{FAE04EC0-301F-11D3-BF4B-00C04F79EFBC}") = "ListViewPlus", "ListViewPlus\ListViewPlus.csproj", "{6EE27514-D379-496C-AF1A-040579440576}"
EndProject
Project("{FAE04EC0-301F-11D3-BF4B-00C04F79EFBC}") = "TreeViewPlus", "TreeViewPlus\TreeViewPlus.csproj", "{9F0C8C35-26D5-41DA-9F5F-96D7CCF4FDAA}"
EndProject
Project("{FAE04EC0-301F-11D3-BF4B-00C04F79EFBC}") = "StateChange", "StateChange\StateChange.csproj", "{F5CFA82B-38A1-4546-8E6E-A6287C2180D9}"
EndProject
Global
	GlobalSection(SolutionConfigurationPlatforms) = preSolution
		Debug|Any CPU = Debug|Any CPU
		Release|Any CPU = Release|Any CPU
	EndGlobalSection
	GlobalSection(ProjectConfigurationPlatforms) = postSolution
		{7AD62072-1BA6-4552-AE85-6E5F8B1A6E7E}.Debug|Any CPU.ActiveCfg = Debug|Any CPU
		{7AD62072-1BA6-4552-AE85-6E5F8B1A6E7E}.Debug|Any CPU.Build.0 = Debug|Any CPU
		{7AD62072-1BA6-4552-AE85-6E5F8B1A6E7E}.Release|Any CPU.ActiveCfg = Release|Any CPU
		{7AD62072-1BA6-4552-AE85-6E5F8B1A6E7E}.Release|Any CPU.Build.0 = Release|Any CPU
		{E1B41B7E-B011-4470-B87C-995C6239DD1E}.Debug|Any CPU.ActiveCfg = Debug|Any CPU
		{E1B41B7E-B011-4470-B87C-995C6239DD1E}.Debug|Any CPU.Build.0 = Debug|Any CPU
		{E1B41B7E-B011-4470-B87C-995C6239DD1E}.Release|Any CPU.ActiveCfg = Release|Any CPU
		{E1B41B7E-B011-4470-B87C-995C6239DD1E}.Release|Any CPU.Build.0 = Release|Any CPU
		{7B697E1D-8EB4-4177-BB25-BE99D982671C}.Debug|Any CPU.ActiveCfg = Debug|Any CPU
		{7B697E1D-8EB4-4177-BB25-BE99D982671C}.Debug|Any CPU.Build.0 = Debug|Any CPU
		{7B697E1D-8EB4-4177-BB25-BE99D982671C}.Release|Any CPU.ActiveCfg = Release|Any CPU
		{7B697E1D-8EB4-4177-BB25-BE99D982671C}.Release|Any CPU.Build.0 = Release|Any CPU
		{594043EB-2480-4D76-B8B8-8824232C3D37}.Debug|Any CPU.ActiveCfg = Debug|Any CPU
		{594043EB-2480-4D76-B8B8-8824232C3D37}.Debug|Any CPU.Build.0 = Debug|Any CPU
		{594043EB-2480-4D76-B8B8-8824232C3D37}.Release|Any CPU.ActiveCfg = Release|Any CPU
		{594043EB-2480-4D76-B8B8-8824232C3D37}.Release|Any CPU.Build.0 = Release|Any CPU
		{2FD0CF9C-E35C-48A2-8D61-7B21FA415522}.Debug|Any CPU.ActiveCfg = Debug|Any CPU
		{2FD0CF9C-E35C-48A2-8D61-7B21FA415522}.Debug|Any CPU.Build.0 = Debug|Any CPU
		{2FD0CF9C-E35C-48A2-8D61-7B21FA415522}.Release|Any CPU.ActiveCfg = Release|Any CPU
		{2FD0CF9C-E35C-48A2-8D61-7B21FA415522}.Release|Any CPU.Build.0 = Release|Any CPU
		{6EE27514-D379-496C-AF1A-040579440576}.Debug|Any CPU.ActiveCfg = Debug|Any CPU
		{6EE27514-D379-496C-AF1A-040579440576}.Debug|Any CPU.Build.0 = Debug|Any CPU
		{6EE27514-D379-496C-AF1A-040579440576}.Release|Any CPU.ActiveCfg = Release|Any CPU
		{6EE27514-D379-496C-AF1A-040579440576}.Release|Any CPU.Build.0 = Release|Any CPU
		{9F0C8C35-26D5-41DA-9F5F-96D7CCF4FDAA}.Debug|Any CPU.ActiveCfg = Debug|Any CPU
		{9F0C8C35-26D5-41DA-9F5F-96D7CCF4FDAA}.Debug|Any CPU.Build.0 = Debug|Any CPU
		{9F0C8C35-26D5-41DA-9F5F-96D7CCF4FDAA}.Release|Any CPU.ActiveCfg = Release|Any CPU
		{9F0C8C35-26D5-41DA-9F5F-96D7CCF4FDAA}.Release|Any CPU.Build.0 = Release|Any CPU
		{F5CFA82B-38A1-4546-8E6E-A6287C2180D9}.Debug|Any CPU.ActiveCfg = Debug|Any CPU
		{F5CFA82B-38A1-4546-8E6E-A6287C2180D9}.Debug|Any CPU.Build.0 = Debug|Any CPU
		{F5CFA82B-38A1-4546-8E6E-A6287C2180D9}.Release|Any CPU.ActiveCfg = Release|Any CPU
		{F5CFA82B-38A1-4546-8E6E-A6287C2180D9}.Release|Any CPU.Build.0 = Release|Any CPU
	EndGlobalSection
	GlobalSection(SolutionProperties) = preSolution
		HideSolutionNode = FALSE
	EndGlobalSection
	GlobalSection(ExtensibilityGlobals) = postSolution
		SolutionGuid = {A5CC28B5-3C01-4E67-B39E-52D662893178}
	EndGlobalSection
EndGlobal
